// !$*UTF8*$!
{
	archiveVersion = 1;
	classes = {
	};
	objectVersion = 52;
	objects = {

/* Begin PBXBuildFile section */
		2A182C55244A0207000BDD56 /* AppDelegate.swift in Sources */ = {isa = PBXBuildFile; fileRef = 2A182C54244A0207000BDD56 /* AppDelegate.swift */; };
		2A182C5B244A0208000BDD56 /* Assets.xcassets in Resources */ = {isa = PBXBuildFile; fileRef = 2A182C5A244A0208000BDD56 /* Assets.xcassets */; };
		2A182C5E244A0208000BDD56 /* Preview Assets.xcassets in Resources */ = {isa = PBXBuildFile; fileRef = 2A182C5D244A0208000BDD56 /* Preview Assets.xcassets */; };
		2A182C61244A0208000BDD56 /* LaunchScreen.storyboard in Resources */ = {isa = PBXBuildFile; fileRef = 2A182C5F244A0208000BDD56 /* LaunchScreen.storyboard */; };
		2A182C9E244A0B37000BDD56 /* QuizEngine in Frameworks */ = {isa = PBXBuildFile; productRef = 2A182C9D244A0B37000BDD56 /* QuizEngine */; };
		2A182CA0244A0DA4000BDD56 /* QuestionViewControllerTests.swift in Sources */ = {isa = PBXBuildFile; fileRef = 2A182C9F244A0DA4000BDD56 /* QuestionViewControllerTests.swift */; };
		2A182CA2244A0E70000BDD56 /* QuestionViewController.swift in Sources */ = {isa = PBXBuildFile; fileRef = 2A182CA1244A0E70000BDD56 /* QuestionViewController.swift */; };
		2A182CA4244A0FA7000BDD56 /* QuestionViewController.xib in Resources */ = {isa = PBXBuildFile; fileRef = 2A182CA3244A0FA7000BDD56 /* QuestionViewController.xib */; };
		2A182CA6244B15E3000BDD56 /* ResultViewControllerTests.swift in Sources */ = {isa = PBXBuildFile; fileRef = 2A182CA5244B15E3000BDD56 /* ResultViewControllerTests.swift */; };
		2A182CA8244B1663000BDD56 /* ResultViewController.swift in Sources */ = {isa = PBXBuildFile; fileRef = 2A182CA7244B1663000BDD56 /* ResultViewController.swift */; };
		2A182CAA244B16D6000BDD56 /* ResultViewController.xib in Resources */ = {isa = PBXBuildFile; fileRef = 2A182CA9244B16D6000BDD56 /* ResultViewController.xib */; };
		2A182CAC244B66F3000BDD56 /* TableViewHelpers.swift in Sources */ = {isa = PBXBuildFile; fileRef = 2A182CAB244B66F3000BDD56 /* TableViewHelpers.swift */; };
		2A182CAE244B7C96000BDD56 /* CorrectAnswerCell.xib in Resources */ = {isa = PBXBuildFile; fileRef = 2A182CAD244B7C96000BDD56 /* CorrectAnswerCell.xib */; };
		2A182CB0244B8303000BDD56 /* WrongAnswerCell.xib in Resources */ = {isa = PBXBuildFile; fileRef = 2A182CAF244B8303000BDD56 /* WrongAnswerCell.xib */; };
		2A182CB2244C4E5E000BDD56 /* UITableViewExtensions.swift in Sources */ = {isa = PBXBuildFile; fileRef = 2A182CB1244C4E5E000BDD56 /* UITableViewExtensions.swift */; };
		2A182CB4244C4E9D000BDD56 /* PresentableAnswer.swift in Sources */ = {isa = PBXBuildFile; fileRef = 2A182CB3244C4E9D000BDD56 /* PresentableAnswer.swift */; };
		2A182CB6244C4EAE000BDD56 /* CorrectAnswerCell.swift in Sources */ = {isa = PBXBuildFile; fileRef = 2A182CB5244C4EAE000BDD56 /* CorrectAnswerCell.swift */; };
		2A182CB8244C4ED2000BDD56 /* WrongAnswerCell.swift in Sources */ = {isa = PBXBuildFile; fileRef = 2A182CB7244C4ED2000BDD56 /* WrongAnswerCell.swift */; };
		2A182CBA244CA17F000BDD56 /* NavigationControllerRouterTests.swift in Sources */ = {isa = PBXBuildFile; fileRef = 2A182CB9244CA17F000BDD56 /* NavigationControllerRouterTests.swift */; };
		2A182CBC244CA227000BDD56 /* NavigationControllerRouter.swift in Sources */ = {isa = PBXBuildFile; fileRef = 2A182CBB244CA227000BDD56 /* NavigationControllerRouter.swift */; };
/* End PBXBuildFile section */

/* Begin PBXContainerItemProxy section */
		2A182C68244A0209000BDD56 /* PBXContainerItemProxy */ = {
			isa = PBXContainerItemProxy;
			containerPortal = 2A182C49244A0207000BDD56 /* Project object */;
			proxyType = 1;
			remoteGlobalIDString = 2A182C50244A0207000BDD56;
			remoteInfo = QuizApp;
		};
/* End PBXContainerItemProxy section */

/* Begin PBXFileReference section */
		2A182C51244A0207000BDD56 /* QuizApp.app */ = {isa = PBXFileReference; explicitFileType = wrapper.application; includeInIndex = 0; path = QuizApp.app; sourceTree = BUILT_PRODUCTS_DIR; };
		2A182C54244A0207000BDD56 /* AppDelegate.swift */ = {isa = PBXFileReference; lastKnownFileType = sourcecode.swift; path = AppDelegate.swift; sourceTree = "<group>"; };
		2A182C5A244A0208000BDD56 /* Assets.xcassets */ = {isa = PBXFileReference; lastKnownFileType = folder.assetcatalog; path = Assets.xcassets; sourceTree = "<group>"; };
		2A182C5D244A0208000BDD56 /* Preview Assets.xcassets */ = {isa = PBXFileReference; lastKnownFileType = folder.assetcatalog; path = "Preview Assets.xcassets"; sourceTree = "<group>"; };
		2A182C60244A0208000BDD56 /* Base */ = {isa = PBXFileReference; lastKnownFileType = file.storyboard; name = Base; path = Base.lproj/LaunchScreen.storyboard; sourceTree = "<group>"; };
		2A182C62244A0208000BDD56 /* Info.plist */ = {isa = PBXFileReference; lastKnownFileType = text.plist.xml; path = Info.plist; sourceTree = "<group>"; };
		2A182C67244A0209000BDD56 /* QuizAppTests.xctest */ = {isa = PBXFileReference; explicitFileType = wrapper.cfbundle; includeInIndex = 0; path = QuizAppTests.xctest; sourceTree = BUILT_PRODUCTS_DIR; };
		2A182C6D244A0209000BDD56 /* Info.plist */ = {isa = PBXFileReference; lastKnownFileType = text.plist.xml; path = Info.plist; sourceTree = "<group>"; };
		2A182C9F244A0DA4000BDD56 /* QuestionViewControllerTests.swift */ = {isa = PBXFileReference; lastKnownFileType = sourcecode.swift; path = QuestionViewControllerTests.swift; sourceTree = "<group>"; };
		2A182CA1244A0E70000BDD56 /* QuestionViewController.swift */ = {isa = PBXFileReference; lastKnownFileType = sourcecode.swift; path = QuestionViewController.swift; sourceTree = "<group>"; };
		2A182CA3244A0FA7000BDD56 /* QuestionViewController.xib */ = {isa = PBXFileReference; lastKnownFileType = file.xib; path = QuestionViewController.xib; sourceTree = "<group>"; };
		2A182CA5244B15E3000BDD56 /* ResultViewControllerTests.swift */ = {isa = PBXFileReference; lastKnownFileType = sourcecode.swift; path = ResultViewControllerTests.swift; sourceTree = "<group>"; };
		2A182CA7244B1663000BDD56 /* ResultViewController.swift */ = {isa = PBXFileReference; lastKnownFileType = sourcecode.swift; path = ResultViewController.swift; sourceTree = "<group>"; };
		2A182CA9244B16D6000BDD56 /* ResultViewController.xib */ = {isa = PBXFileReference; lastKnownFileType = file.xib; path = ResultViewController.xib; sourceTree = "<group>"; };
		2A182CAB244B66F3000BDD56 /* TableViewHelpers.swift */ = {isa = PBXFileReference; lastKnownFileType = sourcecode.swift; path = TableViewHelpers.swift; sourceTree = "<group>"; };
		2A182CAD244B7C96000BDD56 /* CorrectAnswerCell.xib */ = {isa = PBXFileReference; lastKnownFileType = file.xib; path = CorrectAnswerCell.xib; sourceTree = "<group>"; };
		2A182CAF244B8303000BDD56 /* WrongAnswerCell.xib */ = {isa = PBXFileReference; lastKnownFileType = file.xib; path = WrongAnswerCell.xib; sourceTree = "<group>"; };
		2A182CB1244C4E5E000BDD56 /* UITableViewExtensions.swift */ = {isa = PBXFileReference; lastKnownFileType = sourcecode.swift; path = UITableViewExtensions.swift; sourceTree = "<group>"; };
		2A182CB3244C4E9D000BDD56 /* PresentableAnswer.swift */ = {isa = PBXFileReference; lastKnownFileType = sourcecode.swift; path = PresentableAnswer.swift; sourceTree = "<group>"; };
		2A182CB5244C4EAE000BDD56 /* CorrectAnswerCell.swift */ = {isa = PBXFileReference; lastKnownFileType = sourcecode.swift; path = CorrectAnswerCell.swift; sourceTree = "<group>"; };
		2A182CB7244C4ED2000BDD56 /* WrongAnswerCell.swift */ = {isa = PBXFileReference; lastKnownFileType = sourcecode.swift; path = WrongAnswerCell.swift; sourceTree = "<group>"; };
		2A182CB9244CA17F000BDD56 /* NavigationControllerRouterTests.swift */ = {isa = PBXFileReference; lastKnownFileType = sourcecode.swift; path = NavigationControllerRouterTests.swift; sourceTree = "<group>"; };
		2A182CBB244CA227000BDD56 /* NavigationControllerRouter.swift */ = {isa = PBXFileReference; lastKnownFileType = sourcecode.swift; path = NavigationControllerRouter.swift; sourceTree = "<group>"; };
/* End PBXFileReference section */

/* Begin PBXFrameworksBuildPhase section */
		2A182C4E244A0207000BDD56 /* Frameworks */ = {
			isa = PBXFrameworksBuildPhase;
			buildActionMask = 2147483647;
			files = (
				2A182C9E244A0B37000BDD56 /* QuizEngine in Frameworks */,
			);
			runOnlyForDeploymentPostprocessing = 0;
		};
		2A182C64244A0209000BDD56 /* Frameworks */ = {
			isa = PBXFrameworksBuildPhase;
			buildActionMask = 2147483647;
			files = (
			);
			runOnlyForDeploymentPostprocessing = 0;
		};
/* End PBXFrameworksBuildPhase section */

/* Begin PBXGroup section */
		2A182C48244A0207000BDD56 = {
			isa = PBXGroup;
			children = (
				2A182C53244A0207000BDD56 /* QuizApp */,
				2A182C6A244A0209000BDD56 /* QuizAppTests */,
				2A182C52244A0207000BDD56 /* Products */,
			);
			sourceTree = "<group>";
		};
		2A182C52244A0207000BDD56 /* Products */ = {
			isa = PBXGroup;
			children = (
				2A182C51244A0207000BDD56 /* QuizApp.app */,
				2A182C67244A0209000BDD56 /* QuizAppTests.xctest */,
			);
			name = Products;
			sourceTree = "<group>";
		};
		2A182C53244A0207000BDD56 /* QuizApp */ = {
			isa = PBXGroup;
			children = (
				2A182C54244A0207000BDD56 /* AppDelegate.swift */,
				2A182CA1244A0E70000BDD56 /* QuestionViewController.swift */,
				2A182CA3244A0FA7000BDD56 /* QuestionViewController.xib */,
				2A182CA7244B1663000BDD56 /* ResultViewController.swift */,
				2A182CA9244B16D6000BDD56 /* ResultViewController.xib */,
				2A182CAD244B7C96000BDD56 /* CorrectAnswerCell.xib */,
				2A182CB5244C4EAE000BDD56 /* CorrectAnswerCell.swift */,
				2A182CAF244B8303000BDD56 /* WrongAnswerCell.xib */,
				2A182CB7244C4ED2000BDD56 /* WrongAnswerCell.swift */,
				2A182CB1244C4E5E000BDD56 /* UITableViewExtensions.swift */,
				2A182CB3244C4E9D000BDD56 /* PresentableAnswer.swift */,
				2A182CBB244CA227000BDD56 /* NavigationControllerRouter.swift */,
				2A182C5A244A0208000BDD56 /* Assets.xcassets */,
				2A182C5F244A0208000BDD56 /* LaunchScreen.storyboard */,
				2A182C62244A0208000BDD56 /* Info.plist */,
				2A182C5C244A0208000BDD56 /* Preview Content */,
			);
			path = QuizApp;
			sourceTree = "<group>";
		};
		2A182C5C244A0208000BDD56 /* Preview Content */ = {
			isa = PBXGroup;
			children = (
				2A182C5D244A0208000BDD56 /* Preview Assets.xcassets */,
			);
			path = "Preview Content";
			sourceTree = "<group>";
		};
		2A182C6A244A0209000BDD56 /* QuizAppTests */ = {
			isa = PBXGroup;
			children = (
				2A182CAB244B66F3000BDD56 /* TableViewHelpers.swift */,
				2A182C9F244A0DA4000BDD56 /* QuestionViewControllerTests.swift */,
				2A182CA5244B15E3000BDD56 /* ResultViewControllerTests.swift */,
				2A182CB9244CA17F000BDD56 /* NavigationControllerRouterTests.swift */,
				2A182C6D244A0209000BDD56 /* Info.plist */,
			);
			path = QuizAppTests;
			sourceTree = "<group>";
		};
/* End PBXGroup section */

/* Begin PBXNativeTarget section */
		2A182C50244A0207000BDD56 /* QuizApp */ = {
			isa = PBXNativeTarget;
			buildConfigurationList = 2A182C70244A0209000BDD56 /* Build configuration list for PBXNativeTarget "QuizApp" */;
			buildPhases = (
				2A182C4D244A0207000BDD56 /* Sources */,
				2A182C4E244A0207000BDD56 /* Frameworks */,
				2A182C4F244A0207000BDD56 /* Resources */,
			);
			buildRules = (
			);
			dependencies = (
			);
			name = QuizApp;
			packageProductDependencies = (
				2A182C9D244A0B37000BDD56 /* QuizEngine */,
			);
			productName = QuizApp;
			productReference = 2A182C51244A0207000BDD56 /* QuizApp.app */;
			productType = "com.apple.product-type.application";
		};
		2A182C66244A0209000BDD56 /* QuizAppTests */ = {
			isa = PBXNativeTarget;
			buildConfigurationList = 2A182C73244A0209000BDD56 /* Build configuration list for PBXNativeTarget "QuizAppTests" */;
			buildPhases = (
				2A182C63244A0209000BDD56 /* Sources */,
				2A182C64244A0209000BDD56 /* Frameworks */,
				2A182C65244A0209000BDD56 /* Resources */,
			);
			buildRules = (
			);
			dependencies = (
				2A182C69244A0209000BDD56 /* PBXTargetDependency */,
			);
			name = QuizAppTests;
			productName = QuizAppTests;
			productReference = 2A182C67244A0209000BDD56 /* QuizAppTests.xctest */;
			productType = "com.apple.product-type.bundle.unit-test";
		};
/* End PBXNativeTarget section */

/* Begin PBXProject section */
		2A182C49244A0207000BDD56 /* Project object */ = {
			isa = PBXProject;
			attributes = {
				LastSwiftUpdateCheck = 1140;
				LastUpgradeCheck = 1140;
				ORGANIZATIONNAME = "Jero Sánchez";
				TargetAttributes = {
					2A182C50244A0207000BDD56 = {
						CreatedOnToolsVersion = 11.4;
					};
					2A182C66244A0209000BDD56 = {
						CreatedOnToolsVersion = 11.4;
						LastSwiftMigration = 1140;
						TestTargetID = 2A182C50244A0207000BDD56;
					};
				};
			};
			buildConfigurationList = 2A182C4C244A0207000BDD56 /* Build configuration list for PBXProject "QuizApp" */;
			compatibilityVersion = "Xcode 9.3";
			developmentRegion = en;
			hasScannedForEncodings = 0;
			knownRegions = (
				en,
				Base,
			);
			mainGroup = 2A182C48244A0207000BDD56;
			packageReferences = (
				2A182C9C244A0B37000BDD56 /* XCRemoteSwiftPackageReference "QuizEngine" */,
			);
			productRefGroup = 2A182C52244A0207000BDD56 /* Products */;
			projectDirPath = "";
			projectRoot = "";
			targets = (
				2A182C50244A0207000BDD56 /* QuizApp */,
				2A182C66244A0209000BDD56 /* QuizAppTests */,
			);
		};
/* End PBXProject section */

/* Begin PBXResourcesBuildPhase section */
		2A182C4F244A0207000BDD56 /* Resources */ = {
			isa = PBXResourcesBuildPhase;
			buildActionMask = 2147483647;
			files = (
				2A182CB0244B8303000BDD56 /* WrongAnswerCell.xib in Resources */,
				2A182C61244A0208000BDD56 /* LaunchScreen.storyboard in Resources */,
				2A182C5E244A0208000BDD56 /* Preview Assets.xcassets in Resources */,
				2A182CA4244A0FA7000BDD56 /* QuestionViewController.xib in Resources */,
				2A182CAA244B16D6000BDD56 /* ResultViewController.xib in Resources */,
				2A182CAE244B7C96000BDD56 /* CorrectAnswerCell.xib in Resources */,
				2A182C5B244A0208000BDD56 /* Assets.xcassets in Resources */,
			);
			runOnlyForDeploymentPostprocessing = 0;
		};
		2A182C65244A0209000BDD56 /* Resources */ = {
			isa = PBXResourcesBuildPhase;
			buildActionMask = 2147483647;
			files = (
			);
			runOnlyForDeploymentPostprocessing = 0;
		};
/* End PBXResourcesBuildPhase section */

/* Begin PBXSourcesBuildPhase section */
		2A182C4D244A0207000BDD56 /* Sources */ = {
			isa = PBXSourcesBuildPhase;
			buildActionMask = 2147483647;
			files = (
				2A182CBC244CA227000BDD56 /* NavigationControllerRouter.swift in Sources */,
				2A182CA2244A0E70000BDD56 /* QuestionViewController.swift in Sources */,
				2A182C55244A0207000BDD56 /* AppDelegate.swift in Sources */,
				2A182CB8244C4ED2000BDD56 /* WrongAnswerCell.swift in Sources */,
				2A182CA8244B1663000BDD56 /* ResultViewController.swift in Sources */,
				2A182CB4244C4E9D000BDD56 /* PresentableAnswer.swift in Sources */,
				2A182CB6244C4EAE000BDD56 /* CorrectAnswerCell.swift in Sources */,
				2A182CB2244C4E5E000BDD56 /* UITableViewExtensions.swift in Sources */,
			);
			runOnlyForDeploymentPostprocessing = 0;
		};
		2A182C63244A0209000BDD56 /* Sources */ = {
			isa = PBXSourcesBuildPhase;
			buildActionMask = 2147483647;
			files = (
				2A182CBA244CA17F000BDD56 /* NavigationControllerRouterTests.swift in Sources */,
				2A182CA0244A0DA4000BDD56 /* QuestionViewControllerTests.swift in Sources */,
				2A182CAC244B66F3000BDD56 /* TableViewHelpers.swift in Sources */,
				2A182CA6244B15E3000BDD56 /* ResultViewControllerTests.swift in Sources */,
			);
			runOnlyForDeploymentPostprocessing = 0;
		};
/* End PBXSourcesBuildPhase section */

/* Begin PBXTargetDependency section */
		2A182C69244A0209000BDD56 /* PBXTargetDependency */ = {
			isa = PBXTargetDependency;
			target = 2A182C50244A0207000BDD56 /* QuizApp */;
			targetProxy = 2A182C68244A0209000BDD56 /* PBXContainerItemProxy */;
		};
/* End PBXTargetDependency section */

/* Begin PBXVariantGroup section */
		2A182C5F244A0208000BDD56 /* LaunchScreen.storyboard */ = {
			isa = PBXVariantGroup;
			children = (
				2A182C60244A0208000BDD56 /* Base */,
			);
			name = LaunchScreen.storyboard;
			sourceTree = "<group>";
		};
/* End PBXVariantGroup section */

/* Begin XCBuildConfiguration section */
		2A182C6E244A0209000BDD56 /* Debug */ = {
			isa = XCBuildConfiguration;
			buildSettings = {
				ALWAYS_SEARCH_USER_PATHS = NO;
				CLANG_ANALYZER_NONNULL = YES;
				CLANG_ANALYZER_NUMBER_OBJECT_CONVERSION = YES_AGGRESSIVE;
				CLANG_CXX_LANGUAGE_STANDARD = "gnu++14";
				CLANG_CXX_LIBRARY = "libc++";
				CLANG_ENABLE_MODULES = YES;
				CLANG_ENABLE_OBJC_ARC = YES;
				CLANG_ENABLE_OBJC_WEAK = YES;
				CLANG_WARN_BLOCK_CAPTURE_AUTORELEASING = YES;
				CLANG_WARN_BOOL_CONVERSION = YES;
				CLANG_WARN_COMMA = YES;
				CLANG_WARN_CONSTANT_CONVERSION = YES;
				CLANG_WARN_DEPRECATED_OBJC_IMPLEMENTATIONS = YES;
				CLANG_WARN_DIRECT_OBJC_ISA_USAGE = YES_ERROR;
				CLANG_WARN_DOCUMENTATION_COMMENTS = YES;
				CLANG_WARN_EMPTY_BODY = YES;
				CLANG_WARN_ENUM_CONVERSION = YES;
				CLANG_WARN_INFINITE_RECURSION = YES;
				CLANG_WARN_INT_CONVERSION = YES;
				CLANG_WARN_NON_LITERAL_NULL_CONVERSION = YES;
				CLANG_WARN_OBJC_IMPLICIT_RETAIN_SELF = YES;
				CLANG_WARN_OBJC_LITERAL_CONVERSION = YES;
				CLANG_WARN_OBJC_ROOT_CLASS = YES_ERROR;
				CLANG_WARN_RANGE_LOOP_ANALYSIS = YES;
				CLANG_WARN_STRICT_PROTOTYPES = YES;
				CLANG_WARN_SUSPICIOUS_MOVE = YES;
				CLANG_WARN_UNGUARDED_AVAILABILITY = YES_AGGRESSIVE;
				CLANG_WARN_UNREACHABLE_CODE = YES;
				CLANG_WARN__DUPLICATE_METHOD_MATCH = YES;
				COPY_PHASE_STRIP = NO;
				DEBUG_INFORMATION_FORMAT = dwarf;
				ENABLE_STRICT_OBJC_MSGSEND = YES;
				ENABLE_TESTABILITY = YES;
				GCC_C_LANGUAGE_STANDARD = gnu11;
				GCC_DYNAMIC_NO_PIC = NO;
				GCC_NO_COMMON_BLOCKS = YES;
				GCC_OPTIMIZATION_LEVEL = 0;
				GCC_PREPROCESSOR_DEFINITIONS = (
					"DEBUG=1",
					"$(inherited)",
				);
				GCC_WARN_64_TO_32_BIT_CONVERSION = YES;
				GCC_WARN_ABOUT_RETURN_TYPE = YES_ERROR;
				GCC_WARN_UNDECLARED_SELECTOR = YES;
				GCC_WARN_UNINITIALIZED_AUTOS = YES_AGGRESSIVE;
				GCC_WARN_UNUSED_FUNCTION = YES;
				GCC_WARN_UNUSED_VARIABLE = YES;
				IPHONEOS_DEPLOYMENT_TARGET = 13.4;
				MTL_ENABLE_DEBUG_INFO = INCLUDE_SOURCE;
				MTL_FAST_MATH = YES;
				ONLY_ACTIVE_ARCH = YES;
				SDKROOT = iphoneos;
				SWIFT_ACTIVE_COMPILATION_CONDITIONS = DEBUG;
				SWIFT_OPTIMIZATION_LEVEL = "-Onone";
			};
			name = Debug;
		};
		2A182C6F244A0209000BDD56 /* Release */ = {
			isa = XCBuildConfiguration;
			buildSettings = {
				ALWAYS_SEARCH_USER_PATHS = NO;
				CLANG_ANALYZER_NONNULL = YES;
				CLANG_ANALYZER_NUMBER_OBJECT_CONVERSION = YES_AGGRESSIVE;
				CLANG_CXX_LANGUAGE_STANDARD = "gnu++14";
				CLANG_CXX_LIBRARY = "libc++";
				CLANG_ENABLE_MODULES = YES;
				CLANG_ENABLE_OBJC_ARC = YES;
				CLANG_ENABLE_OBJC_WEAK = YES;
				CLANG_WARN_BLOCK_CAPTURE_AUTORELEASING = YES;
				CLANG_WARN_BOOL_CONVERSION = YES;
				CLANG_WARN_COMMA = YES;
				CLANG_WARN_CONSTANT_CONVERSION = YES;
				CLANG_WARN_DEPRECATED_OBJC_IMPLEMENTATIONS = YES;
				CLANG_WARN_DIRECT_OBJC_ISA_USAGE = YES_ERROR;
				CLANG_WARN_DOCUMENTATION_COMMENTS = YES;
				CLANG_WARN_EMPTY_BODY = YES;
				CLANG_WARN_ENUM_CONVERSION = YES;
				CLANG_WARN_INFINITE_RECURSION = YES;
				CLANG_WARN_INT_CONVERSION = YES;
				CLANG_WARN_NON_LITERAL_NULL_CONVERSION = YES;
				CLANG_WARN_OBJC_IMPLICIT_RETAIN_SELF = YES;
				CLANG_WARN_OBJC_LITERAL_CONVERSION = YES;
				CLANG_WARN_OBJC_ROOT_CLASS = YES_ERROR;
				CLANG_WARN_RANGE_LOOP_ANALYSIS = YES;
				CLANG_WARN_STRICT_PROTOTYPES = YES;
				CLANG_WARN_SUSPICIOUS_MOVE = YES;
				CLANG_WARN_UNGUARDED_AVAILABILITY = YES_AGGRESSIVE;
				CLANG_WARN_UNREACHABLE_CODE = YES;
				CLANG_WARN__DUPLICATE_METHOD_MATCH = YES;
				COPY_PHASE_STRIP = NO;
				DEBUG_INFORMATION_FORMAT = "dwarf-with-dsym";
				ENABLE_NS_ASSERTIONS = NO;
				ENABLE_STRICT_OBJC_MSGSEND = YES;
				GCC_C_LANGUAGE_STANDARD = gnu11;
				GCC_NO_COMMON_BLOCKS = YES;
				GCC_WARN_64_TO_32_BIT_CONVERSION = YES;
				GCC_WARN_ABOUT_RETURN_TYPE = YES_ERROR;
				GCC_WARN_UNDECLARED_SELECTOR = YES;
				GCC_WARN_UNINITIALIZED_AUTOS = YES_AGGRESSIVE;
				GCC_WARN_UNUSED_FUNCTION = YES;
				GCC_WARN_UNUSED_VARIABLE = YES;
				IPHONEOS_DEPLOYMENT_TARGET = 13.4;
				MTL_ENABLE_DEBUG_INFO = NO;
				MTL_FAST_MATH = YES;
				SDKROOT = iphoneos;
				SWIFT_COMPILATION_MODE = wholemodule;
				SWIFT_OPTIMIZATION_LEVEL = "-O";
				VALIDATE_PRODUCT = YES;
			};
			name = Release;
		};
		2A182C71244A0209000BDD56 /* Debug */ = {
			isa = XCBuildConfiguration;
			buildSettings = {
				ASSETCATALOG_COMPILER_APPICON_NAME = AppIcon;
				CODE_SIGN_STYLE = Automatic;
				DEVELOPMENT_ASSET_PATHS = "\"QuizApp/Preview Content\"";
				ENABLE_PREVIEWS = YES;
				INFOPLIST_FILE = QuizApp/Info.plist;
				LD_RUNPATH_SEARCH_PATHS = (
					"$(inherited)",
					"@executable_path/Frameworks",
				);
				PRODUCT_BUNDLE_IDENTIFIER = me.jerosanchez.QuizApp;
				PRODUCT_NAME = "$(TARGET_NAME)";
				SWIFT_VERSION = 5.0;
				TARGETED_DEVICE_FAMILY = 1;
			};
			name = Debug;
		};
		2A182C72244A0209000BDD56 /* Release */ = {
			isa = XCBuildConfiguration;
			buildSettings = {
				ASSETCATALOG_COMPILER_APPICON_NAME = AppIcon;
				CODE_SIGN_STYLE = Automatic;
				DEVELOPMENT_ASSET_PATHS = "\"QuizApp/Preview Content\"";
				ENABLE_PREVIEWS = YES;
				INFOPLIST_FILE = QuizApp/Info.plist;
				LD_RUNPATH_SEARCH_PATHS = (
					"$(inherited)",
					"@executable_path/Frameworks",
				);
				PRODUCT_BUNDLE_IDENTIFIER = me.jerosanchez.QuizApp;
				PRODUCT_NAME = "$(TARGET_NAME)";
				SWIFT_VERSION = 5.0;
				TARGETED_DEVICE_FAMILY = 1;
			};
			name = Release;
		};
		2A182C74244A0209000BDD56 /* Debug */ = {
			isa = XCBuildConfiguration;
			buildSettings = {
				ALWAYS_EMBED_SWIFT_STANDARD_LIBRARIES = YES;
				BUNDLE_LOADER = "$(TEST_HOST)";
				CLANG_ENABLE_MODULES = YES;
				CODE_SIGN_STYLE = Automatic;
				INFOPLIST_FILE = QuizAppTests/Info.plist;
				IPHONEOS_DEPLOYMENT_TARGET = 13.4;
				LD_RUNPATH_SEARCH_PATHS = (
					"$(inherited)",
					"@executable_path/Frameworks",
					"@loader_path/Frameworks",
				);
				PRODUCT_BUNDLE_IDENTIFIER = me.jerosanchez.QuizAppTests;
				PRODUCT_NAME = "$(TARGET_NAME)";
				SWIFT_OPTIMIZATION_LEVEL = "-Onone";
				SWIFT_VERSION = 5.0;
				TARGETED_DEVICE_FAMILY = "1,2";
				TEST_HOST = "$(BUILT_PRODUCTS_DIR)/QuizApp.app/QuizApp";
			};
			name = Debug;
		};
		2A182C75244A0209000BDD56 /* Release */ = {
			isa = XCBuildConfiguration;
			buildSettings = {
				ALWAYS_EMBED_SWIFT_STANDARD_LIBRARIES = YES;
				BUNDLE_LOADER = "$(TEST_HOST)";
				CLANG_ENABLE_MODULES = YES;
				CODE_SIGN_STYLE = Automatic;
				INFOPLIST_FILE = QuizAppTests/Info.plist;
				IPHONEOS_DEPLOYMENT_TARGET = 13.4;
				LD_RUNPATH_SEARCH_PATHS = (
					"$(inherited)",
					"@executable_path/Frameworks",
					"@loader_path/Frameworks",
				);
				PRODUCT_BUNDLE_IDENTIFIER = me.jerosanchez.QuizAppTests;
				PRODUCT_NAME = "$(TARGET_NAME)";
				SWIFT_VERSION = 5.0;
				TARGETED_DEVICE_FAMILY = "1,2";
				TEST_HOST = "$(BUILT_PRODUCTS_DIR)/QuizApp.app/QuizApp";
			};
			name = Release;
		};
/* End XCBuildConfiguration section */

/* Begin XCConfigurationList section */
		2A182C4C244A0207000BDD56 /* Build configuration list for PBXProject "QuizApp" */ = {
			isa = XCConfigurationList;
			buildConfigurations = (
				2A182C6E244A0209000BDD56 /* Debug */,
				2A182C6F244A0209000BDD56 /* Release */,
			);
			defaultConfigurationIsVisible = 0;
			defaultConfigurationName = Release;
		};
		2A182C70244A0209000BDD56 /* Build configuration list for PBXNativeTarget "QuizApp" */ = {
			isa = XCConfigurationList;
			buildConfigurations = (
				2A182C71244A0209000BDD56 /* Debug */,
				2A182C72244A0209000BDD56 /* Release */,
			);
			defaultConfigurationIsVisible = 0;
			defaultConfigurationName = Release;
		};
		2A182C73244A0209000BDD56 /* Build configuration list for PBXNativeTarget "QuizAppTests" */ = {
			isa = XCConfigurationList;
			buildConfigurations = (
				2A182C74244A0209000BDD56 /* Debug */,
				2A182C75244A0209000BDD56 /* Release */,
			);
			defaultConfigurationIsVisible = 0;
			defaultConfigurationName = Release;
		};
/* End XCConfigurationList section */

/* Begin XCRemoteSwiftPackageReference section */
		2A182C9C244A0B37000BDD56 /* XCRemoteSwiftPackageReference "QuizEngine" */ = {
			isa = XCRemoteSwiftPackageReference;
			repositoryURL = "https://github.com/jerosanchez/QuizEngine";
			requirement = {
				branch = master;
				kind = branch;
			};
		};
/* End XCRemoteSwiftPackageReference section */

/* Begin XCSwiftPackageProductDependency section */
		2A182C9D244A0B37000BDD56 /* QuizEngine */ = {
			isa = XCSwiftPackageProductDependency;
			package = 2A182C9C244A0B37000BDD56 /* XCRemoteSwiftPackageReference "QuizEngine" */;
			productName = QuizEngine;
		};
/* End XCSwiftPackageProductDependency section */
	};
	rootObject = 2A182C49244A0207000BDD56 /* Project object */;
}
